
Microsoft Visual Studio Solution File, Format Version 12.00
# Visual Studio Version 17
VisualStudioVersion = 17.5.33516.290
MinimumVisualStudioVersion = 10.0.40219.1
Project("{FAE04EC0-301F-11D3-BF4B-00C04F79EFBC}") = "webapi", "webapi\webapi.csproj", "{9543EF6C-71A9-4B1F-A2DE-C6BC1BE28AD8}"
EndProject
Project("{54A90642-561A-4BB1-A94E-469ADEE60C69}") = "reactapp", "reactapp\reactapp.esproj", "{11A4AE85-1047-4E75-AF86-983B64361B8D}"
EndProject
Global
	GlobalSection(SolutionConfigurationPlatforms) = preSolution
		Debug|Any CPU = Debug|Any CPU
		Release|Any CPU = Release|Any CPU
	EndGlobalSection
	GlobalSection(ProjectConfigurationPlatforms) = postSolution
		{9543EF6C-71A9-4B1F-A2DE-C6BC1BE28AD8}.Debug|Any CPU.ActiveCfg = Debug|Any CPU
		{9543EF6C-71A9-4B1F-A2DE-C6BC1BE28AD8}.Debug|Any CPU.Build.0 = Debug|Any CPU
		{9543EF6C-71A9-4B1F-A2DE-C6BC1BE28AD8}.Release|Any CPU.ActiveCfg = Release|Any CPU
		{9543EF6C-71A9-4B1F-A2DE-C6BC1BE28AD8}.Release|Any CPU.Build.0 = Release|Any CPU
		{11A4AE85-1047-4E75-AF86-983B64361B8D}.Debug|Any CPU.ActiveCfg = Debug|Any CPU
		{11A4AE85-1047-4E75-AF86-983B64361B8D}.Debug|Any CPU.Build.0 = Debug|Any CPU
		{11A4AE85-1047-4E75-AF86-983B64361B8D}.Debug|Any CPU.Deploy.0 = Debug|Any CPU
		{11A4AE85-1047-4E75-AF86-983B64361B8D}.Release|Any CPU.ActiveCfg = Release|Any CPU
		{11A4AE85-1047-4E75-AF86-983B64361B8D}.Release|Any CPU.Build.0 = Release|Any CPU
		{11A4AE85-1047-4E75-AF86-983B64361B8D}.Release|Any CPU.Deploy.0 = Release|Any CPU
	EndGlobalSection
	GlobalSection(SolutionProperties) = preSolution
		HideSolutionNode = FALSE
	EndGlobalSection
	GlobalSection(ExtensibilityGlobals) = postSolution
		SolutionGuid = {E053655B-812D-4D69-AFA6-D0B15F871F92}
	EndGlobalSection
EndGlobal
